cirello.io/oversight v1.1.0 h1:dY+aKlSTxAfiypBwSt+65CXmCyViOS3Eq4c1uhUTTwk=
cirello.io/oversight v1.1.0/go.mod h1:Rdj5qP4E3yk0/L/gXpElXtYZECfPgPFY+4pBhOmx9vE=
gopkg.in/ini.v1 v1.66.2 h1:XfR1dOYubytKy4Shzc2LHrrGhU0lDCfDGG1yLPmpgsI=
gopkg.in/ini.v1 v1.66.2/go.mod h1:pNLf8WUiyNEtQjuu5G5vTm06TEv9tsIgeAvK8hOrP4k=
